
Microsoft Visual Studio Solution File, Format Version 12.00
# Visual Studio Version 17
VisualStudioVersion = 17.3.32929.385
MinimumVisualStudioVersion = 10.0.40219.1
Project("{FAE04EC0-301F-11D3-BF4B-00C04F79EFBC}") = "CSVDownloader", "CSVDownloader\CSVDownloader.csproj", "{0A5810CC-5E21-49CF-B962-C7E7A376562D}"
EndProject
Global
	GlobalSection(SolutionConfigurationPlatforms) = preSolution
		Debug|Any CPU = Debug|Any CPU
		Release|Any CPU = Release|Any CPU
	EndGlobalSection
	GlobalSection(ProjectConfigurationPlatforms) = postSolution
		{0A5810CC-5E21-49CF-B962-C7E7A376562D}.Debug|Any CPU.ActiveCfg = Debug|Any CPU
		{0A5810CC-5E21-49CF-B962-C7E7A376562D}.Debug|Any CPU.Build.0 = Debug|Any CPU
		{0A5810CC-5E21-49CF-B962-C7E7A376562D}.Release|Any CPU.ActiveCfg = Release|Any CPU
		{0A5810CC-5E21-49CF-B962-C7E7A376562D}.Release|Any CPU.Build.0 = Release|Any CPU
	EndGlobalSection
	GlobalSection(SolutionProperties) = preSolution
		HideSolutionNode = FALSE
	EndGlobalSection
	GlobalSection(ExtensibilityGlobals) = postSolution
		SolutionGuid = {1481AAEA-F540-490B-A322-184737403C4F}
	EndGlobalSection
EndGlobal
